
Microsoft Visual Studio Solution File, Format Version 12.00
# Visual Studio Version 17
VisualStudioVersion = 17.1.32414.318
MinimumVisualStudioVersion = 10.0.40219.1
Project("{9A19103F-16F7-4668-BE54-9A1E7A4F7556}") = "FH.FPL.FantasyDataProvider", "FH.FPL.FantasyDataProvider\FH.FPL.FantasyDataProvider.csproj", "{0CB6CD59-3266-45D2-AF8C-44C444C47FBD}"
EndProject
Project("{9A19103F-16F7-4668-BE54-9A1E7A4F7556}") = "FH.FA.FantasyDataProvider", "FH.FA.FantasyDataProvider\FH.FA.FantasyDataProvider.csproj", "{13A41724-27F0-41D5-82A7-D34CBD8FB5DA}"
EndProject
Project("{9A19103F-16F7-4668-BE54-9A1E7A4F7556}") = "FH.FA.FixturesProvider", "FH.FA.FixturesProvider\FH.FA.FixturesProvider.csproj", "{A8238318-8C88-405E-B154-A758D5672C3B}"
EndProject
Project("{9A19103F-16F7-4668-BE54-9A1E7A4F7556}") = "FH.EventProcessing", "FH.EventProcessing\FH.EventProcessing.csproj", "{93D76954-251B-4068-8C75-6C247070679E}"
EndProject
Project("{2150E333-8FDC-42A3-9474-1A3956D46DE8}") = "Frontend", "Frontend", "{43AD0414-D6E2-469F-8A7A-FBA3C397B91F}"
EndProject
Project("{2150E333-8FDC-42A3-9474-1A3956D46DE8}") = "Backend", "Backend", "{EF456631-ED45-4EE0-B80D-525604845697}"
EndProject
Project("{FAE04EC0-301F-11D3-BF4B-00C04F79EFBC}") = "FH.UI.Blazor", "FH.UI.Blazor\FH.UI.Blazor.csproj", "{0BC56E00-55E6-48AD-8F70-9CC714FBBDE6}"
EndProject
Project("{FAE04EC0-301F-11D3-BF4B-00C04F79EFBC}") = "FH.UI.Blazor.Components", "FH.UI.Blazor.Components\FH.UI.Blazor.Components.csproj", "{FA5E540D-C4DE-4FF9-A6CA-13F7F8B05498}"
EndProject
Global
	GlobalSection(SolutionConfigurationPlatforms) = preSolution
		Debug|Any CPU = Debug|Any CPU
		Release|Any CPU = Release|Any CPU
	EndGlobalSection
	GlobalSection(ProjectConfigurationPlatforms) = postSolution
		{0CB6CD59-3266-45D2-AF8C-44C444C47FBD}.Debug|Any CPU.ActiveCfg = Debug|Any CPU
		{0CB6CD59-3266-45D2-AF8C-44C444C47FBD}.Debug|Any CPU.Build.0 = Debug|Any CPU
		{0CB6CD59-3266-45D2-AF8C-44C444C47FBD}.Release|Any CPU.ActiveCfg = Release|Any CPU
		{0CB6CD59-3266-45D2-AF8C-44C444C47FBD}.Release|Any CPU.Build.0 = Release|Any CPU
		{13A41724-27F0-41D5-82A7-D34CBD8FB5DA}.Debug|Any CPU.ActiveCfg = Debug|Any CPU
		{13A41724-27F0-41D5-82A7-D34CBD8FB5DA}.Debug|Any CPU.Build.0 = Debug|Any CPU
		{13A41724-27F0-41D5-82A7-D34CBD8FB5DA}.Release|Any CPU.ActiveCfg = Release|Any CPU
		{13A41724-27F0-41D5-82A7-D34CBD8FB5DA}.Release|Any CPU.Build.0 = Release|Any CPU
		{A8238318-8C88-405E-B154-A758D5672C3B}.Debug|Any CPU.ActiveCfg = Debug|Any CPU
		{A8238318-8C88-405E-B154-A758D5672C3B}.Debug|Any CPU.Build.0 = Debug|Any CPU
		{A8238318-8C88-405E-B154-A758D5672C3B}.Release|Any CPU.ActiveCfg = Release|Any CPU
		{A8238318-8C88-405E-B154-A758D5672C3B}.Release|Any CPU.Build.0 = Release|Any CPU
		{93D76954-251B-4068-8C75-6C247070679E}.Debug|Any CPU.ActiveCfg = Debug|Any CPU
		{93D76954-251B-4068-8C75-6C247070679E}.Debug|Any CPU.Build.0 = Debug|Any CPU
		{93D76954-251B-4068-8C75-6C247070679E}.Release|Any CPU.ActiveCfg = Release|Any CPU
		{93D76954-251B-4068-8C75-6C247070679E}.Release|Any CPU.Build.0 = Release|Any CPU
		{0BC56E00-55E6-48AD-8F70-9CC714FBBDE6}.Debug|Any CPU.ActiveCfg = Debug|Any CPU
		{0BC56E00-55E6-48AD-8F70-9CC714FBBDE6}.Debug|Any CPU.Build.0 = Debug|Any CPU
		{0BC56E00-55E6-48AD-8F70-9CC714FBBDE6}.Release|Any CPU.ActiveCfg = Release|Any CPU
		{0BC56E00-55E6-48AD-8F70-9CC714FBBDE6}.Release|Any CPU.Build.0 = Release|Any CPU
		{FA5E540D-C4DE-4FF9-A6CA-13F7F8B05498}.Debug|Any CPU.ActiveCfg = Debug|Any CPU
		{FA5E540D-C4DE-4FF9-A6CA-13F7F8B05498}.Debug|Any CPU.Build.0 = Debug|Any CPU
		{FA5E540D-C4DE-4FF9-A6CA-13F7F8B05498}.Release|Any CPU.ActiveCfg = Release|Any CPU
		{FA5E540D-C4DE-4FF9-A6CA-13F7F8B05498}.Release|Any CPU.Build.0 = Release|Any CPU
	EndGlobalSection
	GlobalSection(SolutionProperties) = preSolution
		HideSolutionNode = FALSE
	EndGlobalSection
	GlobalSection(NestedProjects) = preSolution
		{0CB6CD59-3266-45D2-AF8C-44C444C47FBD} = {EF456631-ED45-4EE0-B80D-525604845697}
		{13A41724-27F0-41D5-82A7-D34CBD8FB5DA} = {EF456631-ED45-4EE0-B80D-525604845697}
		{A8238318-8C88-405E-B154-A758D5672C3B} = {EF456631-ED45-4EE0-B80D-525604845697}
		{93D76954-251B-4068-8C75-6C247070679E} = {EF456631-ED45-4EE0-B80D-525604845697}
		{0BC56E00-55E6-48AD-8F70-9CC714FBBDE6} = {43AD0414-D6E2-469F-8A7A-FBA3C397B91F}
		{FA5E540D-C4DE-4FF9-A6CA-13F7F8B05498} = {43AD0414-D6E2-469F-8A7A-FBA3C397B91F}
	EndGlobalSection
	GlobalSection(ExtensibilityGlobals) = postSolution
		SolutionGuid = {7ED218D3-2439-4706-837E-38FA70CE3D06}
	EndGlobalSection
EndGlobal
